
Microsoft Visual Studio Solution File, Format Version 12.00
# Visual Studio Version 17
VisualStudioVersion = 17.0.31903.59
MinimumVisualStudioVersion = 10.0.40219.1
Project("{FAE04EC0-301F-11D3-BF4B-00C04F79EFBC}") = "bobbylite.realmikefacts.web", "bobbylite.realmikefacts.web\bobbylite.realmikefacts.web.csproj", "{885EF794-3F98-47A0-81B0-B519D227FC3B}"
EndProject
Project("{FAE04EC0-301F-11D3-BF4B-00C04F79EFBC}") = "bobbylite.realmikefacts.tests", "bobbylite.realmikefacts.tests\bobbylite.realmikefacts.tests.csproj", "{285C6B27-E109-496B-87C5-EEAF7C520086}"
EndProject
Global
	GlobalSection(SolutionConfigurationPlatforms) = preSolution
		Debug|Any CPU = Debug|Any CPU
		Release|Any CPU = Release|Any CPU
	EndGlobalSection
	GlobalSection(SolutionProperties) = preSolution
		HideSolutionNode = FALSE
	EndGlobalSection
	GlobalSection(ProjectConfigurationPlatforms) = postSolution
		{885EF794-3F98-47A0-81B0-B519D227FC3B}.Debug|Any CPU.ActiveCfg = Debug|Any CPU
		{885EF794-3F98-47A0-81B0-B519D227FC3B}.Debug|Any CPU.Build.0 = Debug|Any CPU
		{885EF794-3F98-47A0-81B0-B519D227FC3B}.Release|Any CPU.ActiveCfg = Release|Any CPU
		{885EF794-3F98-47A0-81B0-B519D227FC3B}.Release|Any CPU.Build.0 = Release|Any CPU
		{285C6B27-E109-496B-87C5-EEAF7C520086}.Debug|Any CPU.ActiveCfg = Debug|Any CPU
		{285C6B27-E109-496B-87C5-EEAF7C520086}.Debug|Any CPU.Build.0 = Debug|Any CPU
		{285C6B27-E109-496B-87C5-EEAF7C520086}.Release|Any CPU.ActiveCfg = Release|Any CPU
		{285C6B27-E109-496B-87C5-EEAF7C520086}.Release|Any CPU.Build.0 = Release|Any CPU
	EndGlobalSection
EndGlobal
